
Microsoft Visual Studio Solution File, Format Version 12.00
# Visual Studio Version 16
VisualStudioVersion = 16.0.31515.178
MinimumVisualStudioVersion = 10.0.40219.1
Project("{FAE04EC0-301F-11D3-BF4B-00C04F79EFBC}") = "laba_2_OOTPISP", "laba_2_OOTPISP\laba_2_OOTPISP.csproj", "{1B4A9A8E-9A52-440F-8614-A15D2C1944D6}"
EndProject
Global
	GlobalSection(SolutionConfigurationPlatforms) = preSolution
		Debug|Any CPU = Debug|Any CPU
		Release|Any CPU = Release|Any CPU
	EndGlobalSection
	GlobalSection(ProjectConfigurationPlatforms) = postSolution
		{1B4A9A8E-9A52-440F-8614-A15D2C1944D6}.Debug|Any CPU.ActiveCfg = Debug|Any CPU
		{1B4A9A8E-9A52-440F-8614-A15D2C1944D6}.Debug|Any CPU.Build.0 = Debug|Any CPU
		{1B4A9A8E-9A52-440F-8614-A15D2C1944D6}.Release|Any CPU.ActiveCfg = Release|Any CPU
		{1B4A9A8E-9A52-440F-8614-A15D2C1944D6}.Release|Any CPU.Build.0 = Release|Any CPU
	EndGlobalSection
	GlobalSection(SolutionProperties) = preSolution
		HideSolutionNode = FALSE
	EndGlobalSection
	GlobalSection(ExtensibilityGlobals) = postSolution
		SolutionGuid = {95F8A4D8-8C3A-4104-8C62-74D41411BBA2}
	EndGlobalSection
EndGlobal
